
Microsoft Visual Studio Solution File, Format Version 12.00
# Visual Studio 15
VisualStudioVersion = 15.0.26730.12
MinimumVisualStudioVersion = 10.0.40219.1
Project("{FAE04EC0-301F-11D3-BF4B-00C04F79EFBC}") = "ValidationSummaryControl", "ValidationSummaryControl\ValidationSummaryControl.csproj", "{3036D091-A243-440A-BF4C-BB2F57675126}"
EndProject
Global
	GlobalSection(SolutionConfigurationPlatforms) = preSolution
		Debug|Any CPU = Debug|Any CPU
		Release|Any CPU = Release|Any CPU
	EndGlobalSection
	GlobalSection(ProjectConfigurationPlatforms) = postSolution
		{3036D091-A243-440A-BF4C-BB2F57675126}.Debug|Any CPU.ActiveCfg = Debug|Any CPU
		{3036D091-A243-440A-BF4C-BB2F57675126}.Debug|Any CPU.Build.0 = Debug|Any CPU
		{3036D091-A243-440A-BF4C-BB2F57675126}.Release|Any CPU.ActiveCfg = Release|Any CPU
		{3036D091-A243-440A-BF4C-BB2F57675126}.Release|Any CPU.Build.0 = Release|Any CPU
	EndGlobalSection
	GlobalSection(SolutionProperties) = preSolution
		HideSolutionNode = FALSE
	EndGlobalSection
	GlobalSection(ExtensibilityGlobals) = postSolution
		SolutionGuid = {D02B90F5-E387-43DA-8C3B-3ED8D7D8DA9A}
	EndGlobalSection
EndGlobal
